
Microsoft Visual Studio Solution File, Format Version 12.00
# Visual Studio 2013
VisualStudioVersion = 12.0.30723.0
MinimumVisualStudioVersion = 10.0.40219.1
Project("{FAE04EC0-301F-11D3-BF4B-00C04F79EFBC}") = "ChangeCalculator.UI.WindowsForms", "ChangeCalculator.UI.WindowsForms\ChangeCalculator.UI.WindowsForms.csproj", "{228F797D-003A-4513-B147-898E9BFEA858}"
EndProject
Project("{FAE04EC0-301F-11D3-BF4B-00C04F79EFBC}") = "ChangeCalculator.Core", "ChangeCalculator.Core\ChangeCalculator.Core.csproj", "{AF1A8E0E-4C85-4329-BD73-082069594321}"
EndProject
Global
	GlobalSection(SolutionConfigurationPlatforms) = preSolution
		Debug|Any CPU = Debug|Any CPU
		Release|Any CPU = Release|Any CPU
	EndGlobalSection
	GlobalSection(ProjectConfigurationPlatforms) = postSolution
		{228F797D-003A-4513-B147-898E9BFEA858}.Debug|Any CPU.ActiveCfg = Debug|Any CPU
		{228F797D-003A-4513-B147-898E9BFEA858}.Debug|Any CPU.Build.0 = Debug|Any CPU
		{228F797D-003A-4513-B147-898E9BFEA858}.Release|Any CPU.ActiveCfg = Release|Any CPU
		{228F797D-003A-4513-B147-898E9BFEA858}.Release|Any CPU.Build.0 = Release|Any CPU
		{AF1A8E0E-4C85-4329-BD73-082069594321}.Debug|Any CPU.ActiveCfg = Debug|Any CPU
		{AF1A8E0E-4C85-4329-BD73-082069594321}.Debug|Any CPU.Build.0 = Debug|Any CPU
		{AF1A8E0E-4C85-4329-BD73-082069594321}.Release|Any CPU.ActiveCfg = Release|Any CPU
		{AF1A8E0E-4C85-4329-BD73-082069594321}.Release|Any CPU.Build.0 = Release|Any CPU
	EndGlobalSection
	GlobalSection(SolutionProperties) = preSolution
		HideSolutionNode = FALSE
	EndGlobalSection
EndGlobal
